{
    "_readme": [
        "This file locks the dependencies of your project to a known state",
        "Read more about it at http://getcomposer.org/doc/01-basic-usage.md#composer-lock-the-lock-file",
        "This file is @generated automatically"
    ],
    "hash": "6ebc68954e18422f19af2861cdf55e64",
    "packages": [
        {
            "name": "nikic/fast-route",
            "version": "dev-master",
            "source": {
                "type": "git",
                "url": "https://github.com/nikic/FastRoute.git",
                "reference": "7dc9a43cb856debc22fe158a1144018e16f7a637"
            },
            "dist": {
                "type": "zip",
                "url": "https://api.github.com/repos/nikic/FastRoute/zipball/7dc9a43cb856debc22fe158a1144018e16f7a637",
                "reference": "7dc9a43cb856debc22fe158a1144018e16f7a637",
                "shasum": ""
            },
            "require": {
                "php": ">=5.4.0"
            },
            "type": "library",
            "autoload": {
                "psr-4": {
                    "FastRoute\\": "src/"
                },
                "files": [
                    "src/functions.php"
                ]
            },
            "notification-url": "https://packagist.org/downloads/",
            "license": [
                "BSD-3-Clause"
            ],
            "authors": [
                {
                    "name": "Nikita Popov",
                    "email": "nikic@php.net"
                }
            ],
            "description": "Fast request router for PHP",
            "keywords": [
                "router",
                "routing"
            ],
            "time": "2014-05-17 11:33:04"
        },
        {
            "name": "rdlowrey/arya",
            "version": "dev-master",
            "source": {
                "type": "git",
                "url": "https://github.com/rdlowrey/Arya.git",
                "reference": "4803210489e7cf529ca90889c5c50b926b05ddb1"
            },
            "dist": {
                "type": "zip",
                "url": "https://api.github.com/repos/rdlowrey/Arya/zipball/4803210489e7cf529ca90889c5c50b926b05ddb1",
                "reference": "4803210489e7cf529ca90889c5c50b926b05ddb1",
                "shasum": ""
            },
            "require": {
                "nikic/fast-route": "dev-master",
                "php": ">=5.4.0",
                "rdlowrey/auryn": "~0.13.0"
            },
            "require-dev": {
                "phpunit/phpunit": "3.7",
                "rdlowrey/artax": "~0.6.2"
            },
            "type": "library",
            "autoload": {
                "psr-4": {
                    "Arya\\": "lib/"
                }
            },
            "notification-url": "https://packagist.org/downloads/",
            "license": [
                "MIT"
            ],
            "authors": [
                {
                    "name": "Daniel Lowrey",
                    "email": "rdlowrey@gmail.com",
                    "role": "Creator / Lead Developer"
                }
            ],
            "description": "A microframework for PHP 5.4+",
            "homepage": "https://github.com/rdlowrey/Arya",
            "keywords": [
                "dependency-injection",
                "microframework",
                "routing"
            ],
            "time": "2014-08-25 13:21:45"
        },
        {
            "name": "rdlowrey/auryn",
            "version": "v0.13.0",
            "source": {
                "type": "git",
                "url": "https://github.com/rdlowrey/Auryn.git",
                "reference": "c83b741ccddf3b8e91f02dbdc5b0eeecbf20f09f"
            },
            "dist": {
                "type": "zip",
                "url": "https://api.github.com/repos/rdlowrey/Auryn/zipball/c83b741ccddf3b8e91f02dbdc5b0eeecbf20f09f",
                "reference": "c83b741ccddf3b8e91f02dbdc5b0eeecbf20f09f",
                "shasum": ""
            },
            "require": {
                "php": ">=5.3.0"
            },
            "type": "library",
            "autoload": {
                "files": [
                    "src/bootstrap.php"
                ]
            },
            "notification-url": "https://packagist.org/downloads/",
            "license": [
                "MIT"
            ],
            "authors": [
                {
                    "name": "Levi Morrison",
                    "email": "levim@php.net",
                    "homepage": "http://morrisonlevi.github.com",
                    "role": "Developer"
                },
                {
                    "name": "Daniel Lowrey",
                    "email": "rdlowrey@gmail.com",
                    "role": "Creator / Lead Developer"
                },
                {
                    "name": "Dan Ackroyd",
                    "email": "Danack@basereality.com",
                    "homepage": "http://www.basereality.com",
                    "role": "Developer"
                }
            ],
            "description": "Auryn is a dependency injector for bootstrapping object-oriented PHP applications.",
            "homepage": "https://github.com/rdlowrey/Auryn",
            "keywords": [
                "dependency injection",
                "dic",
                "ioc"
            ],
            "time": "2014-04-01 12:48:07"
        },
        {
            "name": "vladkens/autoprefixer",
            "version": "dev-master",
            "source": {
                "type": "git",
                "url": "https://github.com/vladkens/autoprefixer-php.git",
                "reference": "d8ece84416ea4bf7fbed3217d7964352a3eba677"
            },
            "dist": {
                "type": "zip",
                "url": "https://api.github.com/repos/vladkens/autoprefixer-php/zipball/d8ece84416ea4bf7fbed3217d7964352a3eba677",
                "reference": "d8ece84416ea4bf7fbed3217d7964352a3eba677",
                "shasum": ""
            },
            "require": {
                "php": ">=5.3.0"
            },
            "type": "library",
            "autoload": {
                "psr-0": {
                    "": "lib"
                }
            },
            "notification-url": "https://packagist.org/downloads/",
            "license": [
                "MIT"
            ],
            "authors": [
                {
                    "name": "Vlad Pronsky",
                    "email": "vladkens@yandex.ru"
                }
            ],
            "description": "Run Autoprefixer using node.js in you php.",
            "keywords": [
                "Node.js",
                "autoprefixer",
                "css",
                "prefixes"
            ],
            "time": "2014-07-24 15:57:24"
        }
    ],
    "packages-dev": [

    ],
    "aliases": [

    ],
    "minimum-stability": "dev",
    "stability-flags": {
        "rdlowrey/arya": 20,
        "vladkens/autoprefixer": 20
    },
    "prefer-stable": false,
    "platform": [

    ],
    "platform-dev": [

    ]
}
